// !$*UTF8*$!
{
	archiveVersion = 1;
	classes = {
	};
	objectVersion = 56;
	objects = {

/* Begin PBXBuildFile section */
		8D1C39DF2B0110000048C340 /* RxSwift in Frameworks */ = {isa = PBXBuildFile; productRef = 8D1C39DE2B0110000048C340 /* RxSwift */; };
		8D1C39E22B01103C0048C340 /* FilmlerDaoRepository.swift in Sources */ = {isa = PBXBuildFile; fileRef = 8D1C39E12B01103C0048C340 /* FilmlerDaoRepository.swift */; };
		8D1C39E52B01106C0048C340 /* AnasayfaViewModel.swift in Sources */ = {isa = PBXBuildFile; fileRef = 8D1C39E42B01106C0048C340 /* AnasayfaViewModel.swift */; };
		8D584D5F2AF1858300EB8753 /* AppDelegate.swift in Sources */ = {isa = PBXBuildFile; fileRef = 8D584D5E2AF1858300EB8753 /* AppDelegate.swift */; };
		8D584D612AF1858300EB8753 /* SceneDelegate.swift in Sources */ = {isa = PBXBuildFile; fileRef = 8D584D602AF1858300EB8753 /* SceneDelegate.swift */; };
		8D584D632AF1858300EB8753 /* Anasayfa.swift in Sources */ = {isa = PBXBuildFile; fileRef = 8D584D622AF1858300EB8753 /* Anasayfa.swift */; };
		8D584D662AF1858300EB8753 /* Main.storyboard in Resources */ = {isa = PBXBuildFile; fileRef = 8D584D642AF1858300EB8753 /* Main.storyboard */; };
		8D584D682AF1858400EB8753 /* Assets.xcassets in Resources */ = {isa = PBXBuildFile; fileRef = 8D584D672AF1858400EB8753 /* Assets.xcassets */; };
		8D584D6B2AF1858400EB8753 /* LaunchScreen.storyboard in Resources */ = {isa = PBXBuildFile; fileRef = 8D584D692AF1858400EB8753 /* LaunchScreen.storyboard */; };
		8D584D782AF186A600EB8753 /* Filmler.swift in Sources */ = {isa = PBXBuildFile; fileRef = 8D584D772AF186A600EB8753 /* Filmler.swift */; };
		8D584D7A2AF1873D00EB8753 /* DetaySayfa.swift in Sources */ = {isa = PBXBuildFile; fileRef = 8D584D792AF1873D00EB8753 /* DetaySayfa.swift */; };
		8D584D7C2AF188E600EB8753 /* FilmlerHucre.swift in Sources */ = {isa = PBXBuildFile; fileRef = 8D584D7B2AF188E600EB8753 /* FilmlerHucre.swift */; };
		8D72A8372B99E9F6006858C7 /* Kingfisher in Frameworks */ = {isa = PBXBuildFile; productRef = 8D72A8362B99E9F6006858C7 /* Kingfisher */; };
		8D82E3C72B98C39800BBB7FC /* GoogleService-Info.plist in Resources */ = {isa = PBXBuildFile; fileRef = 8D82E3C62B98C39800BBB7FC /* GoogleService-Info.plist */; };
		8D82E3CA2B98C45B00BBB7FC /* FirebaseFirestore in Frameworks */ = {isa = PBXBuildFile; productRef = 8D82E3C92B98C45B00BBB7FC /* FirebaseFirestore */; };
/* End PBXBuildFile section */

/* Begin PBXFileReference section */
		8D1C39E12B01103C0048C340 /* FilmlerDaoRepository.swift */ = {isa = PBXFileReference; lastKnownFileType = sourcecode.swift; path = FilmlerDaoRepository.swift; sourceTree = "<group>"; };
		8D1C39E42B01106C0048C340 /* AnasayfaViewModel.swift */ = {isa = PBXFileReference; lastKnownFileType = sourcecode.swift; path = AnasayfaViewModel.swift; sourceTree = "<group>"; };
		8D584D5B2AF1858300EB8753 /* FilmlerApp.app */ = {isa = PBXFileReference; explicitFileType = wrapper.application; includeInIndex = 0; path = FilmlerApp.app; sourceTree = BUILT_PRODUCTS_DIR; };
		8D584D5E2AF1858300EB8753 /* AppDelegate.swift */ = {isa = PBXFileReference; lastKnownFileType = sourcecode.swift; path = AppDelegate.swift; sourceTree = "<group>"; };
		8D584D602AF1858300EB8753 /* SceneDelegate.swift */ = {isa = PBXFileReference; lastKnownFileType = sourcecode.swift; path = SceneDelegate.swift; sourceTree = "<group>"; };
		8D584D622AF1858300EB8753 /* Anasayfa.swift */ = {isa = PBXFileReference; lastKnownFileType = sourcecode.swift; path = Anasayfa.swift; sourceTree = "<group>"; };
		8D584D652AF1858300EB8753 /* Base */ = {isa = PBXFileReference; lastKnownFileType = file.storyboard; name = Base; path = Base.lproj/Main.storyboard; sourceTree = "<group>"; };
		8D584D672AF1858400EB8753 /* Assets.xcassets */ = {isa = PBXFileReference; lastKnownFileType = folder.assetcatalog; path = Assets.xcassets; sourceTree = "<group>"; };
		8D584D6A2AF1858400EB8753 /* Base */ = {isa = PBXFileReference; lastKnownFileType = file.storyboard; name = Base; path = Base.lproj/LaunchScreen.storyboard; sourceTree = "<group>"; };
		8D584D6C2AF1858400EB8753 /* Info.plist */ = {isa = PBXFileReference; lastKnownFileType = text.plist.xml; path = Info.plist; sourceTree = "<group>"; };
		8D584D772AF186A600EB8753 /* Filmler.swift */ = {isa = PBXFileReference; lastKnownFileType = sourcecode.swift; path = Filmler.swift; sourceTree = "<group>"; };
		8D584D792AF1873D00EB8753 /* DetaySayfa.swift */ = {isa = PBXFileReference; lastKnownFileType = sourcecode.swift; path = DetaySayfa.swift; sourceTree = "<group>"; };
		8D584D7B2AF188E600EB8753 /* FilmlerHucre.swift */ = {isa = PBXFileReference; lastKnownFileType = sourcecode.swift; path = FilmlerHucre.swift; sourceTree = "<group>"; };
		8D82E3C62B98C39800BBB7FC /* GoogleService-Info.plist */ = {isa = PBXFileReference; fileEncoding = 4; lastKnownFileType = text.plist.xml; path = "GoogleService-Info.plist"; sourceTree = "<group>"; };
/* End PBXFileReference section */

/* Begin PBXFrameworksBuildPhase section */
		8D584D582AF1858300EB8753 /* Frameworks */ = {
			isa = PBXFrameworksBuildPhase;
			buildActionMask = 2147483647;
			files = (
				8D72A8372B99E9F6006858C7 /* Kingfisher in Frameworks */,
				8D1C39DF2B0110000048C340 /* RxSwift in Frameworks */,
				8D82E3CA2B98C45B00BBB7FC /* FirebaseFirestore in Frameworks */,
			);
			runOnlyForDeploymentPostprocessing = 0;
		};
/* End PBXFrameworksBuildPhase section */

/* Begin PBXGroup section */
		8D1C39E02B01102D0048C340 /* repo */ = {
			isa = PBXGroup;
			children = (
				8D1C39E12B01103C0048C340 /* FilmlerDaoRepository.swift */,
			);
			path = repo;
			sourceTree = "<group>";
		};
		8D1C39E32B01105F0048C340 /* viewmodel */ = {
			isa = PBXGroup;
			children = (
				8D1C39E42B01106C0048C340 /* AnasayfaViewModel.swift */,
			);
			path = viewmodel;
			sourceTree = "<group>";
		};
		8D584D522AF1858300EB8753 = {
			isa = PBXGroup;
			children = (
				8D584D5D2AF1858300EB8753 /* FilmlerApp */,
				8D584D5C2AF1858300EB8753 /* Products */,
			);
			sourceTree = "<group>";
		};
		8D584D5C2AF1858300EB8753 /* Products */ = {
			isa = PBXGroup;
			children = (
				8D584D5B2AF1858300EB8753 /* FilmlerApp.app */,
			);
			name = Products;
			sourceTree = "<group>";
		};
		8D584D5D2AF1858300EB8753 /* FilmlerApp */ = {
			isa = PBXGroup;
			children = (
				8D584D5E2AF1858300EB8753 /* AppDelegate.swift */,
				8D584D602AF1858300EB8753 /* SceneDelegate.swift */,
				8D584D732AF185F300EB8753 /* ui */,
				8D584D722AF185EC00EB8753 /* data */,
				8D584D642AF1858300EB8753 /* Main.storyboard */,
				8D584D672AF1858400EB8753 /* Assets.xcassets */,
				8D584D692AF1858400EB8753 /* LaunchScreen.storyboard */,
				8D584D6C2AF1858400EB8753 /* Info.plist */,
				8D82E3C62B98C39800BBB7FC /* GoogleService-Info.plist */,
			);
			path = FilmlerApp;
			sourceTree = "<group>";
		};
		8D584D722AF185EC00EB8753 /* data */ = {
			isa = PBXGroup;
			children = (
				8D1C39E02B01102D0048C340 /* repo */,
				8D584D762AF1861500EB8753 /* entity */,
			);
			path = data;
			sourceTree = "<group>";
		};
		8D584D732AF185F300EB8753 /* ui */ = {
			isa = PBXGroup;
			children = (
				8D1C39E32B01105F0048C340 /* viewmodel */,
				8D584D752AF1860900EB8753 /* tableview */,
				8D584D742AF185FC00EB8753 /* views */,
			);
			path = ui;
			sourceTree = "<group>";
		};
		8D584D742AF185FC00EB8753 /* views */ = {
			isa = PBXGroup;
			children = (
				8D584D622AF1858300EB8753 /* Anasayfa.swift */,
				8D584D792AF1873D00EB8753 /* DetaySayfa.swift */,
			);
			path = views;
			sourceTree = "<group>";
		};
		8D584D752AF1860900EB8753 /* tableview */ = {
			isa = PBXGroup;
			children = (
				8D584D7B2AF188E600EB8753 /* FilmlerHucre.swift */,
			);
			path = tableview;
			sourceTree = "<group>";
		};
		8D584D762AF1861500EB8753 /* entity */ = {
			isa = PBXGroup;
			children = (
				8D584D772AF186A600EB8753 /* Filmler.swift */,
			);
			path = entity;
			sourceTree = "<group>";
		};
/* End PBXGroup section */

/* Begin PBXNativeTarget section */
		8D584D5A2AF1858300EB8753 /* FilmlerApp */ = {
			isa = PBXNativeTarget;
			buildConfigurationList = 8D584D6F2AF1858400EB8753 /* Build configuration list for PBXNativeTarget "FilmlerApp" */;
			buildPhases = (
				8D584D572AF1858300EB8753 /* Sources */,
				8D584D582AF1858300EB8753 /* Frameworks */,
				8D584D592AF1858300EB8753 /* Resources */,
			);
			buildRules = (
			);
			dependencies = (
			);
			name = FilmlerApp;
			packageProductDependencies = (
				8D1C39DE2B0110000048C340 /* RxSwift */,
				8D82E3C92B98C45B00BBB7FC /* FirebaseFirestore */,
				8D72A8362B99E9F6006858C7 /* Kingfisher */,
			);
			productName = FilmlerApp;
			productReference = 8D584D5B2AF1858300EB8753 /* FilmlerApp.app */;
			productType = "com.apple.product-type.application";
		};
/* End PBXNativeTarget section */

/* Begin PBXProject section */
		8D584D532AF1858300EB8753 /* Project object */ = {
			isa = PBXProject;
			attributes = {
				BuildIndependentTargetsInParallel = 1;
				LastSwiftUpdateCheck = 1430;
				LastUpgradeCheck = 1430;
				TargetAttributes = {
					8D584D5A2AF1858300EB8753 = {
						CreatedOnToolsVersion = 14.3.1;
					};
				};
			};
			buildConfigurationList = 8D584D562AF1858300EB8753 /* Build configuration list for PBXProject "FilmlerApp" */;
			compatibilityVersion = "Xcode 14.0";
			developmentRegion = en;
			hasScannedForEncodings = 0;
			knownRegions = (
				en,
				Base,
			);
			mainGroup = 8D584D522AF1858300EB8753;
			packageReferences = (
				8D1C39DD2B0110000048C340 /* XCRemoteSwiftPackageReference "RxSwift" */,
				8D82E3C82B98C45B00BBB7FC /* XCRemoteSwiftPackageReference "firebase-ios-sdk" */,
				8D72A8352B99E9F6006858C7 /* XCRemoteSwiftPackageReference "Kingfisher" */,
			);
			productRefGroup = 8D584D5C2AF1858300EB8753 /* Products */;
			projectDirPath = "";
			projectRoot = "";
			targets = (
				8D584D5A2AF1858300EB8753 /* FilmlerApp */,
			);
		};
/* End PBXProject section */

/* Begin PBXResourcesBuildPhase section */
		8D584D592AF1858300EB8753 /* Resources */ = {
			isa = PBXResourcesBuildPhase;
			buildActionMask = 2147483647;
			files = (
				8D584D6B2AF1858400EB8753 /* LaunchScreen.storyboard in Resources */,
				8D82E3C72B98C39800BBB7FC /* GoogleService-Info.plist in Resources */,
				8D584D682AF1858400EB8753 /* Assets.xcassets in Resources */,
				8D584D662AF1858300EB8753 /* Main.storyboard in Resources */,
			);
			runOnlyForDeploymentPostprocessing = 0;
		};
/* End PBXResourcesBuildPhase section */

/* Begin PBXSourcesBuildPhase section */
		8D584D572AF1858300EB8753 /* Sources */ = {
			isa = PBXSourcesBuildPhase;
			buildActionMask = 2147483647;
			files = (
				8D584D632AF1858300EB8753 /* Anasayfa.swift in Sources */,
				8D584D5F2AF1858300EB8753 /* AppDelegate.swift in Sources */,
				8D1C39E52B01106C0048C340 /* AnasayfaViewModel.swift in Sources */,
				8D584D612AF1858300EB8753 /* SceneDelegate.swift in Sources */,
				8D584D7A2AF1873D00EB8753 /* DetaySayfa.swift in Sources */,
				8D584D782AF186A600EB8753 /* Filmler.swift in Sources */,
				8D584D7C2AF188E600EB8753 /* FilmlerHucre.swift in Sources */,
				8D1C39E22B01103C0048C340 /* FilmlerDaoRepository.swift in Sources */,
			);
			runOnlyForDeploymentPostprocessing = 0;
		};
/* End PBXSourcesBuildPhase section */

/* Begin PBXVariantGroup section */
		8D584D642AF1858300EB8753 /* Main.storyboard */ = {
			isa = PBXVariantGroup;
			children = (
				8D584D652AF1858300EB8753 /* Base */,
			);
			name = Main.storyboard;
			sourceTree = "<group>";
		};
		8D584D692AF1858400EB8753 /* LaunchScreen.storyboard */ = {
			isa = PBXVariantGroup;
			children = (
				8D584D6A2AF1858400EB8753 /* Base */,
			);
			name = LaunchScreen.storyboard;
			sourceTree = "<group>";
		};
/* End PBXVariantGroup section */

/* Begin XCBuildConfiguration section */
		8D584D6D2AF1858400EB8753 /* Debug */ = {
			isa = XCBuildConfiguration;
			buildSettings = {
				ALWAYS_SEARCH_USER_PATHS = NO;
				CLANG_ANALYZER_NONNULL = YES;
				CLANG_ANALYZER_NUMBER_OBJECT_CONVERSION = YES_AGGRESSIVE;
				CLANG_CXX_LANGUAGE_STANDARD = "gnu++20";
				CLANG_ENABLE_MODULES = YES;
				CLANG_ENABLE_OBJC_ARC = YES;
				CLANG_ENABLE_OBJC_WEAK = YES;
				CLANG_WARN_BLOCK_CAPTURE_AUTORELEASING = YES;
				CLANG_WARN_BOOL_CONVERSION = YES;
				CLANG_WARN_COMMA = YES;
				CLANG_WARN_CONSTANT_CONVERSION = YES;
				CLANG_WARN_DEPRECATED_OBJC_IMPLEMENTATIONS = YES;
				CLANG_WARN_DIRECT_OBJC_ISA_USAGE = YES_ERROR;
				CLANG_WARN_DOCUMENTATION_COMMENTS = YES;
				CLANG_WARN_EMPTY_BODY = YES;
				CLANG_WARN_ENUM_CONVERSION = YES;
				CLANG_WARN_INFINITE_RECURSION = YES;
				CLANG_WARN_INT_CONVERSION = YES;
				CLANG_WARN_NON_LITERAL_NULL_CONVERSION = YES;
				CLANG_WARN_OBJC_IMPLICIT_RETAIN_SELF = YES;
				CLANG_WARN_OBJC_LITERAL_CONVERSION = YES;
				CLANG_WARN_OBJC_ROOT_CLASS = YES_ERROR;
				CLANG_WARN_QUOTED_INCLUDE_IN_FRAMEWORK_HEADER = YES;
				CLANG_WARN_RANGE_LOOP_ANALYSIS = YES;
				CLANG_WARN_STRICT_PROTOTYPES = YES;
				CLANG_WARN_SUSPICIOUS_MOVE = YES;
				CLANG_WARN_UNGUARDED_AVAILABILITY = YES_AGGRESSIVE;
				CLANG_WARN_UNREACHABLE_CODE = YES;
				CLANG_WARN__DUPLICATE_METHOD_MATCH = YES;
				COPY_PHASE_STRIP = NO;
				DEBUG_INFORMATION_FORMAT = dwarf;
				ENABLE_STRICT_OBJC_MSGSEND = YES;
				ENABLE_TESTABILITY = YES;
				GCC_C_LANGUAGE_STANDARD = gnu11;
				GCC_DYNAMIC_NO_PIC = NO;
				GCC_NO_COMMON_BLOCKS = YES;
				GCC_OPTIMIZATION_LEVEL = 0;
				GCC_PREPROCESSOR_DEFINITIONS = (
					"DEBUG=1",
					"$(inherited)",
				);
				GCC_WARN_64_TO_32_BIT_CONVERSION = YES;
				GCC_WARN_ABOUT_RETURN_TYPE = YES_ERROR;
				GCC_WARN_UNDECLARED_SELECTOR = YES;
				GCC_WARN_UNINITIALIZED_AUTOS = YES_AGGRESSIVE;
				GCC_WARN_UNUSED_FUNCTION = YES;
				GCC_WARN_UNUSED_VARIABLE = YES;
				IPHONEOS_DEPLOYMENT_TARGET = 16.4;
				MTL_ENABLE_DEBUG_INFO = INCLUDE_SOURCE;
				MTL_FAST_MATH = YES;
				ONLY_ACTIVE_ARCH = YES;
				SDKROOT = iphoneos;
				SWIFT_ACTIVE_COMPILATION_CONDITIONS = DEBUG;
				SWIFT_OPTIMIZATION_LEVEL = "-Onone";
			};
			name = Debug;
		};
		8D584D6E2AF1858400EB8753 /* Release */ = {
			isa = XCBuildConfiguration;
			buildSettings = {
				ALWAYS_SEARCH_USER_PATHS = NO;
				CLANG_ANALYZER_NONNULL = YES;
				CLANG_ANALYZER_NUMBER_OBJECT_CONVERSION = YES_AGGRESSIVE;
				CLANG_CXX_LANGUAGE_STANDARD = "gnu++20";
				CLANG_ENABLE_MODULES = YES;
				CLANG_ENABLE_OBJC_ARC = YES;
				CLANG_ENABLE_OBJC_WEAK = YES;
				CLANG_WARN_BLOCK_CAPTURE_AUTORELEASING = YES;
				CLANG_WARN_BOOL_CONVERSION = YES;
				CLANG_WARN_COMMA = YES;
				CLANG_WARN_CONSTANT_CONVERSION = YES;
				CLANG_WARN_DEPRECATED_OBJC_IMPLEMENTATIONS = YES;
				CLANG_WARN_DIRECT_OBJC_ISA_USAGE = YES_ERROR;
				CLANG_WARN_DOCUMENTATION_COMMENTS = YES;
				CLANG_WARN_EMPTY_BODY = YES;
				CLANG_WARN_ENUM_CONVERSION = YES;
				CLANG_WARN_INFINITE_RECURSION = YES;
				CLANG_WARN_INT_CONVERSION = YES;
				CLANG_WARN_NON_LITERAL_NULL_CONVERSION = YES;
				CLANG_WARN_OBJC_IMPLICIT_RETAIN_SELF = YES;
				CLANG_WARN_OBJC_LITERAL_CONVERSION = YES;
				CLANG_WARN_OBJC_ROOT_CLASS = YES_ERROR;
				CLANG_WARN_QUOTED_INCLUDE_IN_FRAMEWORK_HEADER = YES;
				CLANG_WARN_RANGE_LOOP_ANALYSIS = YES;
				CLANG_WARN_STRICT_PROTOTYPES = YES;
				CLANG_WARN_SUSPICIOUS_MOVE = YES;
				CLANG_WARN_UNGUARDED_AVAILABILITY = YES_AGGRESSIVE;
				CLANG_WARN_UNREACHABLE_CODE = YES;
				CLANG_WARN__DUPLICATE_METHOD_MATCH = YES;
				COPY_PHASE_STRIP = NO;
				DEBUG_INFORMATION_FORMAT = "dwarf-with-dsym";
				ENABLE_NS_ASSERTIONS = NO;
				ENABLE_STRICT_OBJC_MSGSEND = YES;
				GCC_C_LANGUAGE_STANDARD = gnu11;
				GCC_NO_COMMON_BLOCKS = YES;
				GCC_WARN_64_TO_32_BIT_CONVERSION = YES;
				GCC_WARN_ABOUT_RETURN_TYPE = YES_ERROR;
				GCC_WARN_UNDECLARED_SELECTOR = YES;
				GCC_WARN_UNINITIALIZED_AUTOS = YES_AGGRESSIVE;
				GCC_WARN_UNUSED_FUNCTION = YES;
				GCC_WARN_UNUSED_VARIABLE = YES;
				IPHONEOS_DEPLOYMENT_TARGET = 16.4;
				MTL_ENABLE_DEBUG_INFO = NO;
				MTL_FAST_MATH = YES;
				SDKROOT = iphoneos;
				SWIFT_COMPILATION_MODE = wholemodule;
				SWIFT_OPTIMIZATION_LEVEL = "-O";
				VALIDATE_PRODUCT = YES;
			};
			name = Release;
		};
		8D584D702AF1858400EB8753 /* Debug */ = {
			isa = XCBuildConfiguration;
			buildSettings = {
				ASSETCATALOG_COMPILER_APPICON_NAME = AppIcon;
				ASSETCATALOG_COMPILER_GLOBAL_ACCENT_COLOR_NAME = AccentColor;
				CODE_SIGN_STYLE = Automatic;
				CURRENT_PROJECT_VERSION = 1;
				GENERATE_INFOPLIST_FILE = YES;
				INFOPLIST_FILE = FilmlerApp/Info.plist;
				INFOPLIST_KEY_UIApplicationSupportsIndirectInputEvents = YES;
				INFOPLIST_KEY_UILaunchStoryboardName = LaunchScreen;
				INFOPLIST_KEY_UIMainStoryboardFile = Main;
				INFOPLIST_KEY_UISupportedInterfaceOrientations_iPad = "UIInterfaceOrientationPortrait UIInterfaceOrientationPortraitUpsideDown UIInterfaceOrientationLandscapeLeft UIInterfaceOrientationLandscapeRight";
				INFOPLIST_KEY_UISupportedInterfaceOrientations_iPhone = "UIInterfaceOrientationPortrait UIInterfaceOrientationLandscapeLeft UIInterfaceOrientationLandscapeRight";
				LD_RUNPATH_SEARCH_PATHS = (
					"$(inherited)",
					"@executable_path/Frameworks",
				);
				MARKETING_VERSION = 1.0;
				PRODUCT_BUNDLE_IDENTIFIER = com.senatoprakci.FilmlerApp;
				PRODUCT_NAME = "$(TARGET_NAME)";
				SWIFT_EMIT_LOC_STRINGS = YES;
				SWIFT_VERSION = 5.0;
				TARGETED_DEVICE_FAMILY = "1,2";
			};
			name = Debug;
		};
		8D584D712AF1858400EB8753 /* Release */ = {
			isa = XCBuildConfiguration;
			buildSettings = {
				ASSETCATALOG_COMPILER_APPICON_NAME = AppIcon;
				ASSETCATALOG_COMPILER_GLOBAL_ACCENT_COLOR_NAME = AccentColor;
				CODE_SIGN_STYLE = Automatic;
				CURRENT_PROJECT_VERSION = 1;
				GENERATE_INFOPLIST_FILE = YES;
				INFOPLIST_FILE = FilmlerApp/Info.plist;
				INFOPLIST_KEY_UIApplicationSupportsIndirectInputEvents = YES;
				INFOPLIST_KEY_UILaunchStoryboardName = LaunchScreen;
				INFOPLIST_KEY_UIMainStoryboardFile = Main;
				INFOPLIST_KEY_UISupportedInterfaceOrientations_iPad = "UIInterfaceOrientationPortrait UIInterfaceOrientationPortraitUpsideDown UIInterfaceOrientationLandscapeLeft UIInterfaceOrientationLandscapeRight";
				INFOPLIST_KEY_UISupportedInterfaceOrientations_iPhone = "UIInterfaceOrientationPortrait UIInterfaceOrientationLandscapeLeft UIInterfaceOrientationLandscapeRight";
				LD_RUNPATH_SEARCH_PATHS = (
					"$(inherited)",
					"@executable_path/Frameworks",
				);
				MARKETING_VERSION = 1.0;
				PRODUCT_BUNDLE_IDENTIFIER = com.senatoprakci.FilmlerApp;
				PRODUCT_NAME = "$(TARGET_NAME)";
				SWIFT_EMIT_LOC_STRINGS = YES;
				SWIFT_VERSION = 5.0;
				TARGETED_DEVICE_FAMILY = "1,2";
			};
			name = Release;
		};
/* End XCBuildConfiguration section */

/* Begin XCConfigurationList section */
		8D584D562AF1858300EB8753 /* Build configuration list for PBXProject "FilmlerApp" */ = {
			isa = XCConfigurationList;
			buildConfigurations = (
				8D584D6D2AF1858400EB8753 /* Debug */,
				8D584D6E2AF1858400EB8753 /* Release */,
			);
			defaultConfigurationIsVisible = 0;
			defaultConfigurationName = Release;
		};
		8D584D6F2AF1858400EB8753 /* Build configuration list for PBXNativeTarget "FilmlerApp" */ = {
			isa = XCConfigurationList;
			buildConfigurations = (
				8D584D702AF1858400EB8753 /* Debug */,
				8D584D712AF1858400EB8753 /* Release */,
			);
			defaultConfigurationIsVisible = 0;
			defaultConfigurationName = Release;
		};
/* End XCConfigurationList section */

/* Begin XCRemoteSwiftPackageReference section */
		8D1C39DD2B0110000048C340 /* XCRemoteSwiftPackageReference "RxSwift" */ = {
			isa = XCRemoteSwiftPackageReference;
			repositoryURL = "https://github.com/ReactiveX/RxSwift.git";
			requirement = {
				kind = upToNextMajorVersion;
				minimumVersion = 6.0.0;
			};
		};
		8D72A8352B99E9F6006858C7 /* XCRemoteSwiftPackageReference "Kingfisher" */ = {
			isa = XCRemoteSwiftPackageReference;
			repositoryURL = "https://github.com/onevcat/Kingfisher.git";
			requirement = {
				kind = upToNextMajorVersion;
				minimumVersion = 7.0.0;
			};
		};
		8D82E3C82B98C45B00BBB7FC /* XCRemoteSwiftPackageReference "firebase-ios-sdk" */ = {
			isa = XCRemoteSwiftPackageReference;
			repositoryURL = "https://github.com/firebase/firebase-ios-sdk";
			requirement = {
				kind = upToNextMajorVersion;
				minimumVersion = 10.0.0;
			};
		};
/* End XCRemoteSwiftPackageReference section */

/* Begin XCSwiftPackageProductDependency section */
		8D1C39DE2B0110000048C340 /* RxSwift */ = {
			isa = XCSwiftPackageProductDependency;
			package = 8D1C39DD2B0110000048C340 /* XCRemoteSwiftPackageReference "RxSwift" */;
			productName = RxSwift;
		};
		8D72A8362B99E9F6006858C7 /* Kingfisher */ = {
			isa = XCSwiftPackageProductDependency;
			package = 8D72A8352B99E9F6006858C7 /* XCRemoteSwiftPackageReference "Kingfisher" */;
			productName = Kingfisher;
		};
		8D82E3C92B98C45B00BBB7FC /* FirebaseFirestore */ = {
			isa = XCSwiftPackageProductDependency;
			package = 8D82E3C82B98C45B00BBB7FC /* XCRemoteSwiftPackageReference "firebase-ios-sdk" */;
			productName = FirebaseFirestore;
		};
/* End XCSwiftPackageProductDependency section */
	};
	rootObject = 8D584D532AF1858300EB8753 /* Project object */;
}
